
Microsoft Visual Studio Solution File, Format Version 12.00
# Visual Studio Version 16
VisualStudioVersion = 16.0.29306.81
MinimumVisualStudioVersion = 10.0.40219.1
Project("{2150E333-8FDC-42A3-9474-1A3956D46DE8}") = "Microservices", "Microservices", "{3330402D-94EB-4341-A0D1-56232208A3CB}"
EndProject
Project("{2150E333-8FDC-42A3-9474-1A3956D46DE8}") = "Domain", "Domain", "{76C7E5C8-1FE7-453D-89CE-9F377DF9DE9A}"
EndProject
Project("{2150E333-8FDC-42A3-9474-1A3956D46DE8}") = "Infra.Bus", "Infra.Bus", "{A097729E-ACC3-4F25-9A96-D1935A8E68F2}"
EndProject
Project("{2150E333-8FDC-42A3-9474-1A3956D46DE8}") = "Infra.IoC", "Infra.IoC", "{C9F8633D-26E2-4D97-8237-72548BD91FEE}"
EndProject
Project("{2150E333-8FDC-42A3-9474-1A3956D46DE8}") = "Presentation", "Presentation", "{43B427D5-7384-49C7-9451-AE0651343C29}"
EndProject
Project("{9A19103F-16F7-4668-BE54-9A1E7A4F7556}") = "MicroRabbit.Domain.Core", "MicroRabbit.Domain.Core\MicroRabbit.Domain.Core.csproj", "{78DBE033-59C2-4D74-B274-0AACC8E8FAE1}"
EndProject
Project("{9A19103F-16F7-4668-BE54-9A1E7A4F7556}") = "MicroRabbit.Infra.Bus", "MicroRabbit.Infra.Bus\MicroRabbit.Infra.Bus.csproj", "{0E91CD2F-F3AA-474C-8B1B-64FBF9337B8C}"
EndProject
Project("{9A19103F-16F7-4668-BE54-9A1E7A4F7556}") = "MicroRabbit.Infra.IoC", "MicroRabbit.Infra.IoC\MicroRabbit.Infra.IoC.csproj", "{86C2536F-F424-4CCE-B4CB-EBC9C80C89D6}"
EndProject
Project("{2150E333-8FDC-42A3-9474-1A3956D46DE8}") = "Banking", "Banking", "{F49520E5-25BE-4935-8026-1A3C74FE7D54}"
EndProject
Project("{2150E333-8FDC-42A3-9474-1A3956D46DE8}") = "Api", "Api", "{8C37D9C6-1F6E-4D47-A6D3-CE8CF9B1DA56}"
EndProject
Project("{2150E333-8FDC-42A3-9474-1A3956D46DE8}") = "Domain", "Domain", "{F5BC601F-A524-40DB-978E-E7C3F3F46AD0}"
EndProject
Project("{2150E333-8FDC-42A3-9474-1A3956D46DE8}") = "Application", "Application", "{20706E81-DDFF-42A7-AD2C-B8CC6E99B11F}"
EndProject
Project("{2150E333-8FDC-42A3-9474-1A3956D46DE8}") = "Data", "Data", "{5D7F4344-E757-49B5-82C9-ACF01B4E7BD5}"
EndProject
Project("{9A19103F-16F7-4668-BE54-9A1E7A4F7556}") = "MicroRabbit.Banking.Application", "MicroRabbit.Banking.Application\MicroRabbit.Banking.Application.csproj", "{B9C36ED6-5310-410F-A04F-98B34DA8E639}"
EndProject
Project("{9A19103F-16F7-4668-BE54-9A1E7A4F7556}") = "MicroRabbit.Banking.Data", "MicroRabbit.Banking.Data\MicroRabbit.Banking.Data.csproj", "{64347153-A07C-4978-85A7-B991BF904AC5}"
EndProject
Project("{9A19103F-16F7-4668-BE54-9A1E7A4F7556}") = "MicroRabbit.Banking.Domain", "MicroRabbit.Banking.Domain\MicroRabbit.Banking.Domain.csproj", "{53D7B07B-D184-48CC-9B35-DD6FBC7996CC}"
EndProject
Project("{FAE04EC0-301F-11D3-BF4B-00C04F79EFBC}") = "MicroRabbit.Banking.Api", "MicroRabbit.Banking.Api\MicroRabbit.Banking.Api.csproj", "{8C026D29-7FEA-44F3-886D-A28FC5C98FE5}"
EndProject
Project("{2150E333-8FDC-42A3-9474-1A3956D46DE8}") = "Transfer", "Transfer", "{EB739738-6860-4524-B099-C5EBE11DA4D2}"
EndProject
Project("{2150E333-8FDC-42A3-9474-1A3956D46DE8}") = "Api", "Api", "{F11326F0-26F8-488C-BC88-9BCC6A926805}"
EndProject
Project("{2150E333-8FDC-42A3-9474-1A3956D46DE8}") = "Application", "Application", "{1E85E588-0DEF-4908-A76A-F945059499F4}"
EndProject
Project("{2150E333-8FDC-42A3-9474-1A3956D46DE8}") = "Data", "Data", "{E79FCF94-1EB4-497E-AED5-525B7CC8E2B0}"
EndProject
Project("{2150E333-8FDC-42A3-9474-1A3956D46DE8}") = "Domain", "Domain", "{CAE6EC80-19DF-410B-BFC6-6103C14929A7}"
EndProject
Project("{FAE04EC0-301F-11D3-BF4B-00C04F79EFBC}") = "MicroRabbit.Transfer.Api", "MicroRabbit.Transfer.Api\MicroRabbit.Transfer.Api.csproj", "{B3C647FC-FAEB-412E-87D4-711773ECB29A}"
EndProject
Project("{FAE04EC0-301F-11D3-BF4B-00C04F79EFBC}") = "MicroRabbit.Transfer.Application", "MicroRabbit.Transfer.Application\MicroRabbit.Transfer.Application.csproj", "{A58FCB62-DF28-4430-9801-49D9EE51A0ED}"
EndProject
Project("{FAE04EC0-301F-11D3-BF4B-00C04F79EFBC}") = "MicroRabbit.Transfer.Data", "MicroRabbit.Transfer.Data\MicroRabbit.Transfer.Data.csproj", "{54AFEED1-F110-42AA-A7E6-7C666F765961}"
EndProject
Project("{FAE04EC0-301F-11D3-BF4B-00C04F79EFBC}") = "MicroRabbit.Transfer.Domain", "MicroRabbit.Transfer.Domain\MicroRabbit.Transfer.Domain.csproj", "{E6D369DB-0963-44A4-A1CB-D70215A2FB6C}"
EndProject
Global
	GlobalSection(SolutionConfigurationPlatforms) = preSolution
		Debug|Any CPU = Debug|Any CPU
		Release|Any CPU = Release|Any CPU
	EndGlobalSection
	GlobalSection(ProjectConfigurationPlatforms) = postSolution
		{78DBE033-59C2-4D74-B274-0AACC8E8FAE1}.Debug|Any CPU.ActiveCfg = Debug|Any CPU
		{78DBE033-59C2-4D74-B274-0AACC8E8FAE1}.Debug|Any CPU.Build.0 = Debug|Any CPU
		{78DBE033-59C2-4D74-B274-0AACC8E8FAE1}.Release|Any CPU.ActiveCfg = Release|Any CPU
		{78DBE033-59C2-4D74-B274-0AACC8E8FAE1}.Release|Any CPU.Build.0 = Release|Any CPU
		{0E91CD2F-F3AA-474C-8B1B-64FBF9337B8C}.Debug|Any CPU.ActiveCfg = Debug|Any CPU
		{0E91CD2F-F3AA-474C-8B1B-64FBF9337B8C}.Debug|Any CPU.Build.0 = Debug|Any CPU
		{0E91CD2F-F3AA-474C-8B1B-64FBF9337B8C}.Release|Any CPU.ActiveCfg = Release|Any CPU
		{0E91CD2F-F3AA-474C-8B1B-64FBF9337B8C}.Release|Any CPU.Build.0 = Release|Any CPU
		{86C2536F-F424-4CCE-B4CB-EBC9C80C89D6}.Debug|Any CPU.ActiveCfg = Debug|Any CPU
		{86C2536F-F424-4CCE-B4CB-EBC9C80C89D6}.Debug|Any CPU.Build.0 = Debug|Any CPU
		{86C2536F-F424-4CCE-B4CB-EBC9C80C89D6}.Release|Any CPU.ActiveCfg = Release|Any CPU
		{86C2536F-F424-4CCE-B4CB-EBC9C80C89D6}.Release|Any CPU.Build.0 = Release|Any CPU
		{B9C36ED6-5310-410F-A04F-98B34DA8E639}.Debug|Any CPU.ActiveCfg = Debug|Any CPU
		{B9C36ED6-5310-410F-A04F-98B34DA8E639}.Debug|Any CPU.Build.0 = Debug|Any CPU
		{B9C36ED6-5310-410F-A04F-98B34DA8E639}.Release|Any CPU.ActiveCfg = Release|Any CPU
		{B9C36ED6-5310-410F-A04F-98B34DA8E639}.Release|Any CPU.Build.0 = Release|Any CPU
		{64347153-A07C-4978-85A7-B991BF904AC5}.Debug|Any CPU.ActiveCfg = Debug|Any CPU
		{64347153-A07C-4978-85A7-B991BF904AC5}.Debug|Any CPU.Build.0 = Debug|Any CPU
		{64347153-A07C-4978-85A7-B991BF904AC5}.Release|Any CPU.ActiveCfg = Release|Any CPU
		{64347153-A07C-4978-85A7-B991BF904AC5}.Release|Any CPU.Build.0 = Release|Any CPU
		{53D7B07B-D184-48CC-9B35-DD6FBC7996CC}.Debug|Any CPU.ActiveCfg = Debug|Any CPU
		{53D7B07B-D184-48CC-9B35-DD6FBC7996CC}.Debug|Any CPU.Build.0 = Debug|Any CPU
		{53D7B07B-D184-48CC-9B35-DD6FBC7996CC}.Release|Any CPU.ActiveCfg = Release|Any CPU
		{53D7B07B-D184-48CC-9B35-DD6FBC7996CC}.Release|Any CPU.Build.0 = Release|Any CPU
		{8C026D29-7FEA-44F3-886D-A28FC5C98FE5}.Debug|Any CPU.ActiveCfg = Debug|Any CPU
		{8C026D29-7FEA-44F3-886D-A28FC5C98FE5}.Debug|Any CPU.Build.0 = Debug|Any CPU
		{8C026D29-7FEA-44F3-886D-A28FC5C98FE5}.Release|Any CPU.ActiveCfg = Release|Any CPU
		{8C026D29-7FEA-44F3-886D-A28FC5C98FE5}.Release|Any CPU.Build.0 = Release|Any CPU
		{B3C647FC-FAEB-412E-87D4-711773ECB29A}.Debug|Any CPU.ActiveCfg = Debug|Any CPU
		{B3C647FC-FAEB-412E-87D4-711773ECB29A}.Debug|Any CPU.Build.0 = Debug|Any CPU
		{B3C647FC-FAEB-412E-87D4-711773ECB29A}.Release|Any CPU.ActiveCfg = Release|Any CPU
		{B3C647FC-FAEB-412E-87D4-711773ECB29A}.Release|Any CPU.Build.0 = Release|Any CPU
		{A58FCB62-DF28-4430-9801-49D9EE51A0ED}.Debug|Any CPU.ActiveCfg = Debug|Any CPU
		{A58FCB62-DF28-4430-9801-49D9EE51A0ED}.Debug|Any CPU.Build.0 = Debug|Any CPU
		{A58FCB62-DF28-4430-9801-49D9EE51A0ED}.Release|Any CPU.ActiveCfg = Release|Any CPU
		{A58FCB62-DF28-4430-9801-49D9EE51A0ED}.Release|Any CPU.Build.0 = Release|Any CPU
		{54AFEED1-F110-42AA-A7E6-7C666F765961}.Debug|Any CPU.ActiveCfg = Debug|Any CPU
		{54AFEED1-F110-42AA-A7E6-7C666F765961}.Debug|Any CPU.Build.0 = Debug|Any CPU
		{54AFEED1-F110-42AA-A7E6-7C666F765961}.Release|Any CPU.ActiveCfg = Release|Any CPU
		{54AFEED1-F110-42AA-A7E6-7C666F765961}.Release|Any CPU.Build.0 = Release|Any CPU
		{E6D369DB-0963-44A4-A1CB-D70215A2FB6C}.Debug|Any CPU.ActiveCfg = Debug|Any CPU
		{E6D369DB-0963-44A4-A1CB-D70215A2FB6C}.Debug|Any CPU.Build.0 = Debug|Any CPU
		{E6D369DB-0963-44A4-A1CB-D70215A2FB6C}.Release|Any CPU.ActiveCfg = Release|Any CPU
		{E6D369DB-0963-44A4-A1CB-D70215A2FB6C}.Release|Any CPU.Build.0 = Release|Any CPU
	EndGlobalSection
	GlobalSection(SolutionProperties) = preSolution
		HideSolutionNode = FALSE
	EndGlobalSection
	GlobalSection(NestedProjects) = preSolution
		{78DBE033-59C2-4D74-B274-0AACC8E8FAE1} = {76C7E5C8-1FE7-453D-89CE-9F377DF9DE9A}
		{0E91CD2F-F3AA-474C-8B1B-64FBF9337B8C} = {A097729E-ACC3-4F25-9A96-D1935A8E68F2}
		{86C2536F-F424-4CCE-B4CB-EBC9C80C89D6} = {C9F8633D-26E2-4D97-8237-72548BD91FEE}
		{F49520E5-25BE-4935-8026-1A3C74FE7D54} = {3330402D-94EB-4341-A0D1-56232208A3CB}
		{8C37D9C6-1F6E-4D47-A6D3-CE8CF9B1DA56} = {F49520E5-25BE-4935-8026-1A3C74FE7D54}
		{F5BC601F-A524-40DB-978E-E7C3F3F46AD0} = {F49520E5-25BE-4935-8026-1A3C74FE7D54}
		{20706E81-DDFF-42A7-AD2C-B8CC6E99B11F} = {F49520E5-25BE-4935-8026-1A3C74FE7D54}
		{5D7F4344-E757-49B5-82C9-ACF01B4E7BD5} = {F49520E5-25BE-4935-8026-1A3C74FE7D54}
		{B9C36ED6-5310-410F-A04F-98B34DA8E639} = {20706E81-DDFF-42A7-AD2C-B8CC6E99B11F}
		{64347153-A07C-4978-85A7-B991BF904AC5} = {5D7F4344-E757-49B5-82C9-ACF01B4E7BD5}
		{53D7B07B-D184-48CC-9B35-DD6FBC7996CC} = {F5BC601F-A524-40DB-978E-E7C3F3F46AD0}
		{8C026D29-7FEA-44F3-886D-A28FC5C98FE5} = {8C37D9C6-1F6E-4D47-A6D3-CE8CF9B1DA56}
		{EB739738-6860-4524-B099-C5EBE11DA4D2} = {3330402D-94EB-4341-A0D1-56232208A3CB}
		{F11326F0-26F8-488C-BC88-9BCC6A926805} = {EB739738-6860-4524-B099-C5EBE11DA4D2}
		{1E85E588-0DEF-4908-A76A-F945059499F4} = {EB739738-6860-4524-B099-C5EBE11DA4D2}
		{E79FCF94-1EB4-497E-AED5-525B7CC8E2B0} = {EB739738-6860-4524-B099-C5EBE11DA4D2}
		{CAE6EC80-19DF-410B-BFC6-6103C14929A7} = {EB739738-6860-4524-B099-C5EBE11DA4D2}
		{B3C647FC-FAEB-412E-87D4-711773ECB29A} = {F11326F0-26F8-488C-BC88-9BCC6A926805}
		{A58FCB62-DF28-4430-9801-49D9EE51A0ED} = {1E85E588-0DEF-4908-A76A-F945059499F4}
		{54AFEED1-F110-42AA-A7E6-7C666F765961} = {E79FCF94-1EB4-497E-AED5-525B7CC8E2B0}
		{E6D369DB-0963-44A4-A1CB-D70215A2FB6C} = {CAE6EC80-19DF-410B-BFC6-6103C14929A7}
	EndGlobalSection
	GlobalSection(ExtensibilityGlobals) = postSolution
		SolutionGuid = {FB9A6F5D-3EDB-4453-A0AE-8218A236D365}
	EndGlobalSection
EndGlobal
